
Microsoft Visual Studio Solution File, Format Version 12.00
# Visual Studio Version 17
VisualStudioVersion = 17.8.34525.116
MinimumVisualStudioVersion = 10.0.40219.1
Project("{FAE04EC0-301F-11D3-BF4B-00C04F79EFBC}") = "HACCPTrack", "HACCPTrack\HACCPTrack.csproj", "{1A81BC74-3744-405D-B55B-93EF087C3B7C}"
EndProject
Global
	GlobalSection(SolutionConfigurationPlatforms) = preSolution
		Debug|Any CPU = Debug|Any CPU
		Release|Any CPU = Release|Any CPU
	EndGlobalSection
	GlobalSection(ProjectConfigurationPlatforms) = postSolution
		{1A81BC74-3744-405D-B55B-93EF087C3B7C}.Debug|Any CPU.ActiveCfg = Debug|Any CPU
		{1A81BC74-3744-405D-B55B-93EF087C3B7C}.Debug|Any CPU.Build.0 = Debug|Any CPU
		{1A81BC74-3744-405D-B55B-93EF087C3B7C}.Release|Any CPU.ActiveCfg = Release|Any CPU
		{1A81BC74-3744-405D-B55B-93EF087C3B7C}.Release|Any CPU.Build.0 = Release|Any CPU
	EndGlobalSection
	GlobalSection(SolutionProperties) = preSolution
		HideSolutionNode = FALSE
	EndGlobalSection
	GlobalSection(ExtensibilityGlobals) = postSolution
		SolutionGuid = {E718488C-BE5B-4FCE-814A-B119FF8C736A}
	EndGlobalSection
EndGlobal
